
Microsoft Visual Studio Solution File, Format Version 12.00
# Visual Studio Version 17
VisualStudioVersion = 17.3.32819.101
MinimumVisualStudioVersion = 10.0.40219.1
Project("{FAE04EC0-301F-11D3-BF4B-00C04F79EFBC}") = "MonolitoTODOAppLayer", "MonolitoTODOAppLayer.csproj", "{EB7ACA57-E583-43EF-A639-2A192A02FE84}"
EndProject
Global
	GlobalSection(SolutionConfigurationPlatforms) = preSolution
		Debug|Any CPU = Debug|Any CPU
		Release|Any CPU = Release|Any CPU
	EndGlobalSection
	GlobalSection(ProjectConfigurationPlatforms) = postSolution
		{EB7ACA57-E583-43EF-A639-2A192A02FE84}.Debug|Any CPU.ActiveCfg = Debug|Any CPU
		{EB7ACA57-E583-43EF-A639-2A192A02FE84}.Debug|Any CPU.Build.0 = Debug|Any CPU
		{EB7ACA57-E583-43EF-A639-2A192A02FE84}.Release|Any CPU.ActiveCfg = Release|Any CPU
		{EB7ACA57-E583-43EF-A639-2A192A02FE84}.Release|Any CPU.Build.0 = Release|Any CPU
	EndGlobalSection
	GlobalSection(SolutionProperties) = preSolution
		HideSolutionNode = FALSE
	EndGlobalSection
	GlobalSection(ExtensibilityGlobals) = postSolution
		SolutionGuid = {0AE1F22B-8825-44D0-8D93-9D888BF7AB39}
	EndGlobalSection
EndGlobal
